// !$*UTF8*$!
{
	archiveVersion = 1;
	classes = {
	};
	objectVersion = 77;
	objects = {

/* Begin PBXContainerItemProxy section */
		84B56C05306B8429002E906F /* PBXContainerItemProxy */ = {
			isa = PBXContainerItemProxy;
			containerPortal = 84B56BED306B8427002E906F /* Project object */;
			proxyType = 1;
			remoteGlobalIDString = 84B56BF4306B8427002E906F;
			remoteInfo = FPLTeamViewer;
		};
		84B56C0F306B8429002E906F /* PBXContainerItemProxy */ = {
			isa = PBXContainerItemProxy;
			containerPortal = 84B56BED306B8427002E906F /* Project object */;
			proxyType = 1;
			remoteGlobalIDString = 84B56BF4306B8427002E906F;
			remoteInfo = FPLTeamViewer;
		};
/* End PBXContainerItemProxy section */

/* Begin PBXFileReference section */
		84B56BF5306B8427002E906F /* FPLTeamViewer.app */ = {isa = PBXFileReference; explicitFileType = wrapper.application; includeInIndex = 0; path = FPLTeamViewer.app; sourceTree = BUILT_PRODUCTS_DIR; };
		84B56C04306B8429002E906F /* FPLTeamViewerTests.xctest */ = {isa = PBXFileReference; explicitFileType = wrapper.cfbundle; includeInIndex = 0; path = FPLTeamViewerTests.xctest; sourceTree = BUILT_PRODUCTS_DIR; };
		84B56C0E306B8429002E906F /* FPLTeamViewerUITests.xctest */ = {isa = PBXFileReference; explicitFileType = wrapper.cfbundle; includeInIndex = 0; path = FPLTeamViewerUITests.xctest; sourceTree = BUILT_PRODUCTS_DIR; };
/* End PBXFileReference section */

/* Begin PBXFileSystemSynchronizedRootGroup section */
		84B56BF7306B8427002E906F /* FPLTeamViewer */ = {
			isa = PBXFileSystemSynchronizedRootGroup;
			path = FPLTeamViewer;
			sourceTree = "<group>";
		};
		84B56C07306B8429002E906F /* FPLTeamViewerTests */ = {
			isa = PBXFileSystemSynchronizedRootGroup;
			path = FPLTeamViewerTests;
			sourceTree = "<group>";
		};
		84B56C11306B8429002E906F /* FPLTeamViewerUITests */ = {
			isa = PBXFileSystemSynchronizedRootGroup;
			path = FPLTeamViewerUITests;
			sourceTree = "<group>";
		};
		84B56C21306B8F2C002E906F /* Service */ = {
			isa = PBXFileSystemSynchronizedRootGroup;
			path = Service;
			sourceTree = "<group>";
		};
		84B56C2A306B9030002E906F /* Teams */ = {
			isa = PBXFileSystemSynchronizedRootGroup;
			path = Teams;
			sourceTree = "<group>";
		};
		84B56C5B306C0C3A002E906F /* CommonUI */ = {
			isa = PBXFileSystemSynchronizedRootGroup;
			path = CommonUI;
			sourceTree = "<group>";
		};
		84B56C74306CDE72002E906F /* TeamSquad */ = {
			isa = PBXFileSystemSynchronizedRootGroup;
			path = TeamSquad;
			sourceTree = "<group>";
		};
/* End PBXFileSystemSynchronizedRootGroup section */

/* Begin PBXFrameworksBuildPhase section */
		84B56BF2306B8427002E906F /* Frameworks */ = {
			isa = PBXFrameworksBuildPhase;
			buildActionMask = 2147483647;
			files = (
			);
			runOnlyForDeploymentPostprocessing = 0;
		};
		84B56C01306B8429002E906F /* Frameworks */ = {
			isa = PBXFrameworksBuildPhase;
			buildActionMask = 2147483647;
			files = (
			);
			runOnlyForDeploymentPostprocessing = 0;
		};
		84B56C0B306B8429002E906F /* Frameworks */ = {
			isa = PBXFrameworksBuildPhase;
			buildActionMask = 2147483647;
			files = (
			);
			runOnlyForDeploymentPostprocessing = 0;
		};
/* End PBXFrameworksBuildPhase section */

/* Begin PBXGroup section */
		84B56BEC306B8427002E906F = {
			isa = PBXGroup;
			children = (
				84B56C5B306C0C3A002E906F /* CommonUI */,
				84B56C21306B8F2C002E906F /* Service */,
				84B56C74306CDE72002E906F /* TeamSquad */,
				84B56C2A306B9030002E906F /* Teams */,
				84B56BF7306B8427002E906F /* FPLTeamViewer */,
				84B56C07306B8429002E906F /* FPLTeamViewerTests */,
				84B56C11306B8429002E906F /* FPLTeamViewerUITests */,
				84B56BF6306B8427002E906F /* Products */,
			);
			sourceTree = "<group>";
		};
		84B56BF6306B8427002E906F /* Products */ = {
			isa = PBXGroup;
			children = (
				84B56BF5306B8427002E906F /* FPLTeamViewer.app */,
				84B56C04306B8429002E906F /* FPLTeamViewerTests.xctest */,
				84B56C0E306B8429002E906F /* FPLTeamViewerUITests.xctest */,
			);
			name = Products;
			sourceTree = "<group>";
		};
/* End PBXGroup section */

/* Begin PBXNativeTarget section */
		84B56BF4306B8427002E906F /* FPLTeamViewer */ = {
			isa = PBXNativeTarget;
			buildConfigurationList = 84B56C18306B8429002E906F /* Build configuration list for PBXNativeTarget "FPLTeamViewer" */;
			buildPhases = (
				84B56BF1306B8427002E906F /* Sources */,
				84B56BF2306B8427002E906F /* Frameworks */,
				84B56BF3306B8427002E906F /* Resources */,
			);
			buildRules = (
			);
			dependencies = (
			);
			fileSystemSynchronizedGroups = (
				84B56BF7306B8427002E906F /* FPLTeamViewer */,
				84B56C21306B8F2C002E906F /* Service */,
				84B56C2A306B9030002E906F /* Teams */,
				84B56C5B306C0C3A002E906F /* CommonUI */,
				84B56C74306CDE72002E906F /* TeamSquad */,
			);
			name = FPLTeamViewer;
			packageProductDependencies = (
			);
			productName = FPLTeamViewer;
			productReference = 84B56BF5306B8427002E906F /* FPLTeamViewer.app */;
			productType = "com.apple.product-type.application";
		};
		84B56C03306B8429002E906F /* FPLTeamViewerTests */ = {
			isa = PBXNativeTarget;
			buildConfigurationList = 84B56C1B306B8429002E906F /* Build configuration list for PBXNativeTarget "FPLTeamViewerTests" */;
			buildPhases = (
				84B56C00306B8429002E906F /* Sources */,
				84B56C01306B8429002E906F /* Frameworks */,
				84B56C02306B8429002E906F /* Resources */,
			);
			buildRules = (
			);
			dependencies = (
				84B56C06306B8429002E906F /* PBXTargetDependency */,
			);
			fileSystemSynchronizedGroups = (
				84B56C07306B8429002E906F /* FPLTeamViewerTests */,
			);
			name = FPLTeamViewerTests;
			packageProductDependencies = (
			);
			productName = FPLTeamViewerTests;
			productReference = 84B56C04306B8429002E906F /* FPLTeamViewerTests.xctest */;
			productType = "com.apple.product-type.bundle.unit-test";
		};
		84B56C0D306B8429002E906F /* FPLTeamViewerUITests */ = {
			isa = PBXNativeTarget;
			buildConfigurationList = 84B56C1E306B8429002E906F /* Build configuration list for PBXNativeTarget "FPLTeamViewerUITests" */;
			buildPhases = (
				84B56C0A306B8429002E906F /* Sources */,
				84B56C0B306B8429002E906F /* Frameworks */,
				84B56C0C306B8429002E906F /* Resources */,
			);
			buildRules = (
			);
			dependencies = (
				84B56C10306B8429002E906F /* PBXTargetDependency */,
			);
			fileSystemSynchronizedGroups = (
				84B56C11306B8429002E906F /* FPLTeamViewerUITests */,
			);
			name = FPLTeamViewerUITests;
			packageProductDependencies = (
			);
			productName = FPLTeamViewerUITests;
			productReference = 84B56C0E306B8429002E906F /* FPLTeamViewerUITests.xctest */;
			productType = "com.apple.product-type.bundle.ui-testing";
		};
/* End PBXNativeTarget section */

/* Begin PBXProject section */
		84B56BED306B8427002E906F /* Project object */ = {
			isa = PBXProject;
			attributes = {
				BuildIndependentTargetsInParallel = 1;
				LastSwiftUpdateCheck = 2650;
				LastUpgradeCheck = 2650;
				TargetAttributes = {
					84B56BF4306B8427002E906F = {
						CreatedOnToolsVersion = 26.5;
					};
					84B56C03306B8429002E906F = {
						CreatedOnToolsVersion = 26.5;
						TestTargetID = 84B56BF4306B8427002E906F;
					};
					84B56C0D306B8429002E906F = {
						CreatedOnToolsVersion = 26.5;
						TestTargetID = 84B56BF4306B8427002E906F;
					};
				};
			};
			buildConfigurationList = 84B56BF0306B8427002E906F /* Build configuration list for PBXProject "FPLTeamViewer" */;
			developmentRegion = en;
			hasScannedForEncodings = 0;
			knownRegions = (
				en,
				Base,
			);
			mainGroup = 84B56BEC306B8427002E906F;
			minimizedProjectReferenceProxies = 1;
			preferredProjectObjectVersion = 77;
			productRefGroup = 84B56BF6306B8427002E906F /* Products */;
			projectDirPath = "";
			projectRoot = "";
			targets = (
				84B56BF4306B8427002E906F /* FPLTeamViewer */,
				84B56C03306B8429002E906F /* FPLTeamViewerTests */,
				84B56C0D306B8429002E906F /* FPLTeamViewerUITests */,
			);
		};
/* End PBXProject section */

/* Begin PBXResourcesBuildPhase section */
		84B56BF3306B8427002E906F /* Resources */ = {
			isa = PBXResourcesBuildPhase;
			buildActionMask = 2147483647;
			files = (
			);
			runOnlyForDeploymentPostprocessing = 0;
		};
		84B56C02306B8429002E906F /* Resources */ = {
			isa = PBXResourcesBuildPhase;
			buildActionMask = 2147483647;
			files = (
			);
			runOnlyForDeploymentPostprocessing = 0;
		};
		84B56C0C306B8429002E906F /* Resources */ = {
			isa = PBXResourcesBuildPhase;
			buildActionMask = 2147483647;
			files = (
			);
			runOnlyForDeploymentPostprocessing = 0;
		};
/* End PBXResourcesBuildPhase section */

/* Begin PBXSourcesBuildPhase section */
		84B56BF1306B8427002E906F /* Sources */ = {
			isa = PBXSourcesBuildPhase;
			buildActionMask = 2147483647;
			files = (
			);
			runOnlyForDeploymentPostprocessing = 0;
		};
		84B56C00306B8429002E906F /* Sources */ = {
			isa = PBXSourcesBuildPhase;
			buildActionMask = 2147483647;
			files = (
			);
			runOnlyForDeploymentPostprocessing = 0;
		};
		84B56C0A306B8429002E906F /* Sources */ = {
			isa = PBXSourcesBuildPhase;
			buildActionMask = 2147483647;
			files = (
			);
			runOnlyForDeploymentPostprocessing = 0;
		};
/* End PBXSourcesBuildPhase section */

/* Begin PBXTargetDependency section */
		84B56C06306B8429002E906F /* PBXTargetDependency */ = {
			isa = PBXTargetDependency;
			target = 84B56BF4306B8427002E906F /* FPLTeamViewer */;
			targetProxy = 84B56C05306B8429002E906F /* PBXContainerItemProxy */;
		};
		84B56C10306B8429002E906F /* PBXTargetDependency */ = {
			isa = PBXTargetDependency;
			target = 84B56BF4306B8427002E906F /* FPLTeamViewer */;
			targetProxy = 84B56C0F306B8429002E906F /* PBXContainerItemProxy */;
		};
/* End PBXTargetDependency section */

/* Begin XCBuildConfiguration section */
		84B56C16306B8429002E906F /* Debug */ = {
			isa = XCBuildConfiguration;
			buildSettings = {
				ALWAYS_SEARCH_USER_PATHS = NO;
				ASSETCATALOG_COMPILER_GENERATE_SWIFT_ASSET_SYMBOL_EXTENSIONS = YES;
				CLANG_ANALYZER_NONNULL = YES;
				CLANG_ANALYZER_NUMBER_OBJECT_CONVERSION = YES_AGGRESSIVE;
				CLANG_CXX_LANGUAGE_STANDARD = "gnu++20";
				CLANG_ENABLE_MODULES = YES;
				CLANG_ENABLE_OBJC_ARC = YES;
				CLANG_ENABLE_OBJC_WEAK = YES;
				CLANG_WARN_BLOCK_CAPTURE_AUTORELEASING = YES;
				CLANG_WARN_BOOL_CONVERSION = YES;
				CLANG_WARN_COMMA = YES;
				CLANG_WARN_CONSTANT_CONVERSION = YES;
				CLANG_WARN_DEPRECATED_OBJC_IMPLEMENTATIONS = YES;
				CLANG_WARN_DIRECT_OBJC_ISA_USAGE = YES_ERROR;
				CLANG_WARN_DOCUMENTATION_COMMENTS = YES;
				CLANG_WARN_EMPTY_BODY = YES;
				CLANG_WARN_ENUM_CONVERSION = YES;
				CLANG_WARN_INFINITE_RECURSION = YES;
				CLANG_WARN_INT_CONVERSION = YES;
				CLANG_WARN_NON_LITERAL_NULL_CONVERSION = YES;
				CLANG_WARN_OBJC_IMPLICIT_RETAIN_SELF = YES;
				CLANG_WARN_OBJC_LITERAL_CONVERSION = YES;
				CLANG_WARN_OBJC_ROOT_CLASS = YES_ERROR;
				CLANG_WARN_QUOTED_INCLUDE_IN_FRAMEWORK_HEADER = YES;
				CLANG_WARN_RANGE_LOOP_ANALYSIS = YES;
				CLANG_WARN_STRICT_PROTOTYPES = YES;
				CLANG_WARN_SUSPICIOUS_MOVE = YES;
				CLANG_WARN_UNGUARDED_AVAILABILITY = YES_AGGRESSIVE;
				CLANG_WARN_UNREACHABLE_CODE = YES;
				CLANG_WARN__DUPLICATE_METHOD_MATCH = YES;
				COPY_PHASE_STRIP = NO;
				DEBUG_INFORMATION_FORMAT = dwarf;
				DEVELOPMENT_TEAM = WD392S3H29;
				ENABLE_STRICT_OBJC_MSGSEND = YES;
				ENABLE_TESTABILITY = YES;
				ENABLE_USER_SCRIPT_SANDBOXING = YES;
				GCC_C_LANGUAGE_STANDARD = gnu17;
				GCC_DYNAMIC_NO_PIC = NO;
				GCC_NO_COMMON_BLOCKS = YES;
				GCC_OPTIMIZATION_LEVEL = 0;
				GCC_PREPROCESSOR_DEFINITIONS = (
					"DEBUG=1",
					"$(inherited)",
				);
				GCC_WARN_64_TO_32_BIT_CONVERSION = YES;
				GCC_WARN_ABOUT_RETURN_TYPE = YES_ERROR;
				GCC_WARN_UNDECLARED_SELECTOR = YES;
				GCC_WARN_UNINITIALIZED_AUTOS = YES_AGGRESSIVE;
				GCC_WARN_UNUSED_FUNCTION = YES;
				GCC_WARN_UNUSED_VARIABLE = YES;
				IPHONEOS_DEPLOYMENT_TARGET = 26.5;
				LOCALIZATION_PREFERS_STRING_CATALOGS = YES;
				MTL_ENABLE_DEBUG_INFO = INCLUDE_SOURCE;
				MTL_FAST_MATH = YES;
				ONLY_ACTIVE_ARCH = YES;
				SDKROOT = iphoneos;
				SWIFT_ACTIVE_COMPILATION_CONDITIONS = "DEBUG $(inherited)";
				SWIFT_OPTIMIZATION_LEVEL = "-Onone";
			};
			name = Debug;
		};
		84B56C17306B8429002E906F /* Release */ = {
			isa = XCBuildConfiguration;
			buildSettings = {
				ALWAYS_SEARCH_USER_PATHS = NO;
				ASSETCATALOG_COMPILER_GENERATE_SWIFT_ASSET_SYMBOL_EXTENSIONS = YES;
				CLANG_ANALYZER_NONNULL = YES;
				CLANG_ANALYZER_NUMBER_OBJECT_CONVERSION = YES_AGGRESSIVE;
				CLANG_CXX_LANGUAGE_STANDARD = "gnu++20";
				CLANG_ENABLE_MODULES = YES;
				CLANG_ENABLE_OBJC_ARC = YES;
				CLANG_ENABLE_OBJC_WEAK = YES;
				CLANG_WARN_BLOCK_CAPTURE_AUTORELEASING = YES;
				CLANG_WARN_BOOL_CONVERSION = YES;
				CLANG_WARN_COMMA = YES;
				CLANG_WARN_CONSTANT_CONVERSION = YES;
				CLANG_WARN_DEPRECATED_OBJC_IMPLEMENTATIONS = YES;
				CLANG_WARN_DIRECT_OBJC_ISA_USAGE = YES_ERROR;
				CLANG_WARN_DOCUMENTATION_COMMENTS = YES;
				CLANG_WARN_EMPTY_BODY = YES;
				CLANG_WARN_ENUM_CONVERSION = YES;
				CLANG_WARN_INFINITE_RECURSION = YES;
				CLANG_WARN_INT_CONVERSION = YES;
				CLANG_WARN_NON_LITERAL_NULL_CONVERSION = YES;
				CLANG_WARN_OBJC_IMPLICIT_RETAIN_SELF = YES;
				CLANG_WARN_OBJC_LITERAL_CONVERSION = YES;
				CLANG_WARN_OBJC_ROOT_CLASS = YES_ERROR;
				CLANG_WARN_QUOTED_INCLUDE_IN_FRAMEWORK_HEADER = YES;
				CLANG_WARN_RANGE_LOOP_ANALYSIS = YES;
				CLANG_WARN_STRICT_PROTOTYPES = YES;
				CLANG_WARN_SUSPICIOUS_MOVE = YES;
				CLANG_WARN_UNGUARDED_AVAILABILITY = YES_AGGRESSIVE;
				CLANG_WARN_UNREACHABLE_CODE = YES;
				CLANG_WARN__DUPLICATE_METHOD_MATCH = YES;
				COPY_PHASE_STRIP = NO;
				DEBUG_INFORMATION_FORMAT = "dwarf-with-dsym";
				DEVELOPMENT_TEAM = WD392S3H29;
				ENABLE_NS_ASSERTIONS = NO;
				ENABLE_STRICT_OBJC_MSGSEND = YES;
				ENABLE_USER_SCRIPT_SANDBOXING = YES;
				GCC_C_LANGUAGE_STANDARD = gnu17;
				GCC_NO_COMMON_BLOCKS = YES;
				GCC_WARN_64_TO_32_BIT_CONVERSION = YES;
				GCC_WARN_ABOUT_RETURN_TYPE = YES_ERROR;
				GCC_WARN_UNDECLARED_SELECTOR = YES;
				GCC_WARN_UNINITIALIZED_AUTOS = YES_AGGRESSIVE;
				GCC_WARN_UNUSED_FUNCTION = YES;
				GCC_WARN_UNUSED_VARIABLE = YES;
				IPHONEOS_DEPLOYMENT_TARGET = 26.5;
				LOCALIZATION_PREFERS_STRING_CATALOGS = YES;
				MTL_ENABLE_DEBUG_INFO = NO;
				MTL_FAST_MATH = YES;
				SDKROOT = iphoneos;
				SWIFT_COMPILATION_MODE = wholemodule;
				VALIDATE_PRODUCT = YES;
			};
			name = Release;
		};
		84B56C19306B8429002E906F /* Debug */ = {
			isa = XCBuildConfiguration;
			buildSettings = {
				ASSETCATALOG_COMPILER_APPICON_NAME = AppIcon;
				ASSETCATALOG_COMPILER_GLOBAL_ACCENT_COLOR_NAME = AccentColor;
				CODE_SIGN_STYLE = Automatic;
				CURRENT_PROJECT_VERSION = 1;
				DEVELOPMENT_TEAM = WD392S3H29;
				ENABLE_PREVIEWS = YES;
				GENERATE_INFOPLIST_FILE = YES;
				INFOPLIST_KEY_UIApplicationSceneManifest_Generation = YES;
				INFOPLIST_KEY_UIApplicationSupportsIndirectInputEvents = YES;
				INFOPLIST_KEY_UILaunchScreen_Generation = YES;
				INFOPLIST_KEY_UISupportedInterfaceOrientations_iPad = "UIInterfaceOrientationPortrait UIInterfaceOrientationPortraitUpsideDown UIInterfaceOrientationLandscapeLeft UIInterfaceOrientationLandscapeRight";
				INFOPLIST_KEY_UISupportedInterfaceOrientations_iPhone = "UIInterfaceOrientationPortrait UIInterfaceOrientationLandscapeLeft UIInterfaceOrientationLandscapeRight";
				LD_RUNPATH_SEARCH_PATHS = (
					"$(inherited)",
					"@executable_path/Frameworks",
				);
				MARKETING_VERSION = 1.0;
				PRODUCT_BUNDLE_IDENTIFIER = com.abhishek.FPLTeamViewer;
				PRODUCT_NAME = "$(TARGET_NAME)";
				STRING_CATALOG_GENERATE_SYMBOLS = YES;
				SWIFT_APPROACHABLE_CONCURRENCY = YES;
				SWIFT_DEFAULT_ACTOR_ISOLATION = MainActor;
				SWIFT_EMIT_LOC_STRINGS = YES;
				SWIFT_UPCOMING_FEATURE_MEMBER_IMPORT_VISIBILITY = YES;
				SWIFT_VERSION = 5.0;
				TARGETED_DEVICE_FAMILY = "1,2";
			};
			name = Debug;
		};
		84B56C1A306B8429002E906F /* Release */ = {
			isa = XCBuildConfiguration;
			buildSettings = {
				ASSETCATALOG_COMPILER_APPICON_NAME = AppIcon;
				ASSETCATALOG_COMPILER_GLOBAL_ACCENT_COLOR_NAME = AccentColor;
				CODE_SIGN_STYLE = Automatic;
				CURRENT_PROJECT_VERSION = 1;
				DEVELOPMENT_TEAM = WD392S3H29;
				ENABLE_PREVIEWS = YES;
				GENERATE_INFOPLIST_FILE = YES;
				INFOPLIST_KEY_UIApplicationSceneManifest_Generation = YES;
				INFOPLIST_KEY_UIApplicationSupportsIndirectInputEvents = YES;
				INFOPLIST_KEY_UILaunchScreen_Generation = YES;
				INFOPLIST_KEY_UISupportedInterfaceOrientations_iPad = "UIInterfaceOrientationPortrait UIInterfaceOrientationPortraitUpsideDown UIInterfaceOrientationLandscapeLeft UIInterfaceOrientationLandscapeRight";
				INFOPLIST_KEY_UISupportedInterfaceOrientations_iPhone = "UIInterfaceOrientationPortrait UIInterfaceOrientationLandscapeLeft UIInterfaceOrientationLandscapeRight";
				LD_RUNPATH_SEARCH_PATHS = (
					"$(inherited)",
					"@executable_path/Frameworks",
				);
				MARKETING_VERSION = 1.0;
				PRODUCT_BUNDLE_IDENTIFIER = com.abhishek.FPLTeamViewer;
				PRODUCT_NAME = "$(TARGET_NAME)";
				STRING_CATALOG_GENERATE_SYMBOLS = YES;
				SWIFT_APPROACHABLE_CONCURRENCY = YES;
				SWIFT_DEFAULT_ACTOR_ISOLATION = MainActor;
				SWIFT_EMIT_LOC_STRINGS = YES;
				SWIFT_UPCOMING_FEATURE_MEMBER_IMPORT_VISIBILITY = YES;
				SWIFT_VERSION = 5.0;
				TARGETED_DEVICE_FAMILY = "1,2";
			};
			name = Release;
		};
		84B56C1C306B8429002E906F /* Debug */ = {
			isa = XCBuildConfiguration;
			buildSettings = {
				BUNDLE_LOADER = "$(TEST_HOST)";
				CODE_SIGN_STYLE = Automatic;
				CURRENT_PROJECT_VERSION = 1;
				DEVELOPMENT_TEAM = WD392S3H29;
				GENERATE_INFOPLIST_FILE = YES;
				IPHONEOS_DEPLOYMENT_TARGET = 26.5;
				MARKETING_VERSION = 1.0;
				PRODUCT_BUNDLE_IDENTIFIER = com.abhishek.FPLTeamViewerTests;
				PRODUCT_NAME = "$(TARGET_NAME)";
				STRING_CATALOG_GENERATE_SYMBOLS = NO;
				SWIFT_APPROACHABLE_CONCURRENCY = YES;
				SWIFT_EMIT_LOC_STRINGS = NO;
				SWIFT_UPCOMING_FEATURE_MEMBER_IMPORT_VISIBILITY = YES;
				SWIFT_VERSION = 5.0;
				TARGETED_DEVICE_FAMILY = "1,2";
				TEST_HOST = "$(BUILT_PRODUCTS_DIR)/FPLTeamViewer.app/$(BUNDLE_EXECUTABLE_FOLDER_PATH)/FPLTeamViewer";
			};
			name = Debug;
		};
		84B56C1D306B8429002E906F /* Release */ = {
			isa = XCBuildConfiguration;
			buildSettings = {
				BUNDLE_LOADER = "$(TEST_HOST)";
				CODE_SIGN_STYLE = Automatic;
				CURRENT_PROJECT_VERSION = 1;
				DEVELOPMENT_TEAM = WD392S3H29;
				GENERATE_INFOPLIST_FILE = YES;
				IPHONEOS_DEPLOYMENT_TARGET = 26.5;
				MARKETING_VERSION = 1.0;
				PRODUCT_BUNDLE_IDENTIFIER = com.abhishek.FPLTeamViewerTests;
				PRODUCT_NAME = "$(TARGET_NAME)";
				STRING_CATALOG_GENERATE_SYMBOLS = NO;
				SWIFT_APPROACHABLE_CONCURRENCY = YES;
				SWIFT_EMIT_LOC_STRINGS = NO;
				SWIFT_UPCOMING_FEATURE_MEMBER_IMPORT_VISIBILITY = YES;
				SWIFT_VERSION = 5.0;
				TARGETED_DEVICE_FAMILY = "1,2";
				TEST_HOST = "$(BUILT_PRODUCTS_DIR)/FPLTeamViewer.app/$(BUNDLE_EXECUTABLE_FOLDER_PATH)/FPLTeamViewer";
			};
			name = Release;
		};
		84B56C1F306B8429002E906F /* Debug */ = {
			isa = XCBuildConfiguration;
			buildSettings = {
				CODE_SIGN_STYLE = Automatic;
				CURRENT_PROJECT_VERSION = 1;
				DEVELOPMENT_TEAM = WD392S3H29;
				GENERATE_INFOPLIST_FILE = YES;
				MARKETING_VERSION = 1.0;
				PRODUCT_BUNDLE_IDENTIFIER = com.abhishek.FPLTeamViewerUITests;
				PRODUCT_NAME = "$(TARGET_NAME)";
				STRING_CATALOG_GENERATE_SYMBOLS = NO;
				SWIFT_APPROACHABLE_CONCURRENCY = YES;
				SWIFT_EMIT_LOC_STRINGS = NO;
				SWIFT_UPCOMING_FEATURE_MEMBER_IMPORT_VISIBILITY = YES;
				SWIFT_VERSION = 5.0;
				TARGETED_DEVICE_FAMILY = "1,2";
				TEST_TARGET_NAME = FPLTeamViewer;
			};
			name = Debug;
		};
		84B56C20306B8429002E906F /* Release */ = {
			isa = XCBuildConfiguration;
			buildSettings = {
				CODE_SIGN_STYLE = Automatic;
				CURRENT_PROJECT_VERSION = 1;
				DEVELOPMENT_TEAM = WD392S3H29;
				GENERATE_INFOPLIST_FILE = YES;
				MARKETING_VERSION = 1.0;
				PRODUCT_BUNDLE_IDENTIFIER = com.abhishek.FPLTeamViewerUITests;
				PRODUCT_NAME = "$(TARGET_NAME)";
				STRING_CATALOG_GENERATE_SYMBOLS = NO;
				SWIFT_APPROACHABLE_CONCURRENCY = YES;
				SWIFT_EMIT_LOC_STRINGS = NO;
				SWIFT_UPCOMING_FEATURE_MEMBER_IMPORT_VISIBILITY = YES;
				SWIFT_VERSION = 5.0;
				TARGETED_DEVICE_FAMILY = "1,2";
				TEST_TARGET_NAME = FPLTeamViewer;
			};
			name = Release;
		};
/* End XCBuildConfiguration section */

/* Begin XCConfigurationList section */
		84B56BF0306B8427002E906F /* Build configuration list for PBXProject "FPLTeamViewer" */ = {
			isa = XCConfigurationList;
			buildConfigurations = (
				84B56C16306B8429002E906F /* Debug */,
				84B56C17306B8429002E906F /* Release */,
			);
			defaultConfigurationIsVisible = 0;
			defaultConfigurationName = Release;
		};
		84B56C18306B8429002E906F /* Build configuration list for PBXNativeTarget "FPLTeamViewer" */ = {
			isa = XCConfigurationList;
			buildConfigurations = (
				84B56C19306B8429002E906F /* Debug */,
				84B56C1A306B8429002E906F /* Release */,
			);
			defaultConfigurationIsVisible = 0;
			defaultConfigurationName = Release;
		};
		84B56C1B306B8429002E906F /* Build configuration list for PBXNativeTarget "FPLTeamViewerTests" */ = {
			isa = XCConfigurationList;
			buildConfigurations = (
				84B56C1C306B8429002E906F /* Debug */,
				84B56C1D306B8429002E906F /* Release */,
			);
			defaultConfigurationIsVisible = 0;
			defaultConfigurationName = Release;
		};
		84B56C1E306B8429002E906F /* Build configuration list for PBXNativeTarget "FPLTeamViewerUITests" */ = {
			isa = XCConfigurationList;
			buildConfigurations = (
				84B56C1F306B8429002E906F /* Debug */,
				84B56C20306B8429002E906F /* Release */,
			);
			defaultConfigurationIsVisible = 0;
			defaultConfigurationName = Release;
		};
/* End XCConfigurationList section */
	};
	rootObject = 84B56BED306B8427002E906F /* Project object */;
}
